
Microsoft Visual Studio Solution File, Format Version 12.00
# Visual Studio Version 17
VisualStudioVersion = 17.8.34525.116
MinimumVisualStudioVersion = 10.0.40219.1
Project("{FAE04EC0-301F-11D3-BF4B-00C04F79EFBC}") = "Workaround", "Workaround\Workaround.csproj", "{3715365F-2876-4AAE-89C0-B570C4D765C7}"
EndProject
Project("{FAE04EC0-301F-11D3-BF4B-00C04F79EFBC}") = "Entities", "Entities\Entities.csproj", "{00A2C63C-4482-4E11-84C1-2F6CA48375F9}"
EndProject
Project("{FAE04EC0-301F-11D3-BF4B-00C04F79EFBC}") = "Business", "Business\Business.csproj", "{EA30B6AF-B27F-41BB-8B04-7FF6D8D37A96}"
EndProject
Global
	GlobalSection(SolutionConfigurationPlatforms) = preSolution
		Debug|Any CPU = Debug|Any CPU
		Release|Any CPU = Release|Any CPU
	EndGlobalSection
	GlobalSection(ProjectConfigurationPlatforms) = postSolution
		{3715365F-2876-4AAE-89C0-B570C4D765C7}.Debug|Any CPU.ActiveCfg = Debug|Any CPU
		{3715365F-2876-4AAE-89C0-B570C4D765C7}.Debug|Any CPU.Build.0 = Debug|Any CPU
		{3715365F-2876-4AAE-89C0-B570C4D765C7}.Release|Any CPU.ActiveCfg = Release|Any CPU
		{3715365F-2876-4AAE-89C0-B570C4D765C7}.Release|Any CPU.Build.0 = Release|Any CPU
		{00A2C63C-4482-4E11-84C1-2F6CA48375F9}.Debug|Any CPU.ActiveCfg = Debug|Any CPU
		{00A2C63C-4482-4E11-84C1-2F6CA48375F9}.Debug|Any CPU.Build.0 = Debug|Any CPU
		{00A2C63C-4482-4E11-84C1-2F6CA48375F9}.Release|Any CPU.ActiveCfg = Release|Any CPU
		{00A2C63C-4482-4E11-84C1-2F6CA48375F9}.Release|Any CPU.Build.0 = Release|Any CPU
		{EA30B6AF-B27F-41BB-8B04-7FF6D8D37A96}.Debug|Any CPU.ActiveCfg = Debug|Any CPU
		{EA30B6AF-B27F-41BB-8B04-7FF6D8D37A96}.Debug|Any CPU.Build.0 = Debug|Any CPU
		{EA30B6AF-B27F-41BB-8B04-7FF6D8D37A96}.Release|Any CPU.ActiveCfg = Release|Any CPU
		{EA30B6AF-B27F-41BB-8B04-7FF6D8D37A96}.Release|Any CPU.Build.0 = Release|Any CPU
	EndGlobalSection
	GlobalSection(SolutionProperties) = preSolution
		HideSolutionNode = FALSE
	EndGlobalSection
	GlobalSection(ExtensibilityGlobals) = postSolution
		SolutionGuid = {A4039CF4-64B7-43E4-82E8-56859E8CE43C}
	EndGlobalSection
EndGlobal
